PODS:
  - FlagPhoneNumber (0.7.2):
    - PhoneNumberKit
  - PhoneNumberKit (2.6.0):
    - PhoneNumberKit/PhoneNumberKitCore (= 2.6.0)
    - PhoneNumberKit/UIKit (= 2.6.0)
  - PhoneNumberKit/PhoneNumberKitCore (2.6.0)
  - PhoneNumberKit/UIKit (2.6.0):
    - PhoneNumberKit/PhoneNumberKitCore
  - SwiftLint (0.27.0)

DEPENDENCIES:
  - FlagPhoneNumber (from `../`)
  - SwiftLint

SPEC REPOS:
  https://github.com/cocoapods/specs.git:
    - PhoneNumberKit
    - SwiftLint

EXTERNAL SOURCES:
  FlagPhoneNumber:
    :path: "../"

SPEC CHECKSUMS:
  FlagPhoneNumber: d6abf0026a23a6a1796d931145c60cc9445739c3
  PhoneNumberKit: 167ee1f0bbb6efce7c62559e620eae745595532f
  SwiftLint: 3207c1faa2240bf8973b191820a116113cd11073

PODFILE CHECKSUM: 833345326d22a9441faffa70c41d9c1372dd872c

COCOAPODS: 1.6.1
